
Microsoft Visual Studio Solution File, Format Version 12.00
# Visual Studio Version 17
VisualStudioVersion = 17.5.33627.172
MinimumVisualStudioVersion = 10.0.40219.1
Project("{9A19103F-16F7-4668-BE54-9A1E7A4F7556}") = "MindBox", "MindBox\MindBox.csproj", "{6057C31C-07A2-4392-ABD1-378945BB7A85}"
EndProject
Project("{FAE04EC0-301F-11D3-BF4B-00C04F79EFBC}") = "AreaCalculateTest", "AreaCalculateTest\AreaCalculateTest.csproj", "{139BD35C-AD85-4D51-BEA0-B0FAC9BB2112}"
EndProject
Global
	GlobalSection(SolutionConfigurationPlatforms) = preSolution
		Debug|Any CPU = Debug|Any CPU
		Release|Any CPU = Release|Any CPU
	EndGlobalSection
	GlobalSection(ProjectConfigurationPlatforms) = postSolution
		{6057C31C-07A2-4392-ABD1-378945BB7A85}.Debug|Any CPU.ActiveCfg = Debug|Any CPU
		{6057C31C-07A2-4392-ABD1-378945BB7A85}.Debug|Any CPU.Build.0 = Debug|Any CPU
		{6057C31C-07A2-4392-ABD1-378945BB7A85}.Release|Any CPU.ActiveCfg = Release|Any CPU
		{6057C31C-07A2-4392-ABD1-378945BB7A85}.Release|Any CPU.Build.0 = Release|Any CPU
		{139BD35C-AD85-4D51-BEA0-B0FAC9BB2112}.Debug|Any CPU.ActiveCfg = Debug|Any CPU
		{139BD35C-AD85-4D51-BEA0-B0FAC9BB2112}.Debug|Any CPU.Build.0 = Debug|Any CPU
		{139BD35C-AD85-4D51-BEA0-B0FAC9BB2112}.Release|Any CPU.ActiveCfg = Release|Any CPU
		{139BD35C-AD85-4D51-BEA0-B0FAC9BB2112}.Release|Any CPU.Build.0 = Release|Any CPU
	EndGlobalSection
	GlobalSection(SolutionProperties) = preSolution
		HideSolutionNode = FALSE
	EndGlobalSection
	GlobalSection(ExtensibilityGlobals) = postSolution
		SolutionGuid = {BCF98F99-D9D2-49C1-9813-47BA75A56794}
	EndGlobalSection
EndGlobal
